
Microsoft Visual Studio Solution File, Format Version 12.00
Project("{FAE04EC0-301F-11D3-BF4B-00C04F79EFBC}") = "Api", "Api\Api.csproj", "{349AB334-ED64-4138-9AE5-A2E0AC365951}"
EndProject
Global
	GlobalSection(SolutionConfigurationPlatforms) = preSolution
		Debug|Any CPU = Debug|Any CPU
		Release|Any CPU = Release|Any CPU
	EndGlobalSection
	GlobalSection(ProjectConfigurationPlatforms) = postSolution
		{349AB334-ED64-4138-9AE5-A2E0AC365951}.Debug|Any CPU.ActiveCfg = Debug|Any CPU
		{349AB334-ED64-4138-9AE5-A2E0AC365951}.Debug|Any CPU.Build.0 = Debug|Any CPU
		{349AB334-ED64-4138-9AE5-A2E0AC365951}.Release|Any CPU.ActiveCfg = Release|Any CPU
		{349AB334-ED64-4138-9AE5-A2E0AC365951}.Release|Any CPU.Build.0 = Release|Any CPU
	EndGlobalSection
EndGlobal
